{
  "nodes": {
    "nixpkgs": {
      "locked": {
        "lastModified": 1790390834,
        "narHash": "sha256-StRyS/lFHtIw/UgJk+xo+HA66mtoWeDUbkJdvf2Byn4=",
        "owner": "nixos",
        "repo": "nixpkgs",
        "rev": "d54020a6ac3211e9f4201631bdf67678818c0cdf",
        "type": "github"
      },
      "original": {
        "owner": "nixos",
        "ref": "nixpkgs-unstable",
        "repo": "nixpkgs",
        "type": "github"
      }
    },
    "root": {
      "inputs": {
        "nixpkgs": "nixpkgs",
        "systems": "systems",
        "trevpkgs": "trevpkgs"
      }
    },
    "schema": {
      "locked": {
        "lastModified": 1780327564,
        "narHash": "sha256-HiRPtA0spK+Dkgbhz/1zW9glXxNVB+L4Rj2VYmdawb8=",
        "owner": "DeterminateSystems",
        "repo": "flake-schemas",
        "rev": "6cc9bd98891b1fc6bb2b8cb3277df8bc72799ca6",
        "type": "github"
      },
      "original": {
        "owner": "DeterminateSystems",
        "repo": "flake-schemas",
        "type": "github"
      }
    },
    "systems": {
      "locked": {
        "lastModified": 1774907047,
        "narHash": "sha256-dhGYA99iXafW9QblBWbh5mggjbdJt0SZO8vzuL0XvKo=",
        "owner": "spotdemo4",
        "repo": "systems",
        "rev": "7759b373a7b0119835939988964a9b49bc3023af",
        "type": "github"
      },
      "original": {
        "owner": "spotdemo4",
        "repo": "systems",
        "type": "github"
      }
    },
    "trevpkgs": {
      "inputs": {
        "nixpkgs": [
          "nixpkgs"
        ],
        "schema": "schema",
        "systems": [
          "systems"
        ]
      },
      "locked": {
        "lastModified": 1790348964,
        "narHash": "sha256-R8HU7dbNof/pmf7E48epTDxmnG17SRDz5qxKwBsegSc=",
        "owner": "spotdemo4",
        "repo": "trevpkgs",
        "rev": "acbcadf78bbcb1d1fc8c7b61347dfed644913599",
        "type": "github"
      },
      "original": {
        "owner": "spotdemo4",
        "repo": "trevpkgs",
        "type": "github"
      }
    }
  },
  "root": "root",
  "version": 7
}
